// !$*UTF8*$!
{
	archiveVersion = 1;
	classes = {
	};
	objectVersion = 56;
	objects = {

/* Begin PBXBuildFile section */
		1194D9BD2D847815008470E4 /* TrainingDayEntity+CoreDataClass.swift in Sources */ = {isa = PBXBuildFile; fileRef = 1194D9B92D847815008470E4 /* TrainingDayEntity+CoreDataClass.swift */; };
		1194D9BE2D847815008470E4 /* TrainingDayEntity+CoreDataProperties.swift in Sources */ = {isa = PBXBuildFile; fileRef = 1194D9BA2D847815008470E4 /* TrainingDayEntity+CoreDataProperties.swift */; };
		1194D9BF2D847815008470E4 /* ListOfExercises+CoreDataClass.swift in Sources */ = {isa = PBXBuildFile; fileRef = 1194D9BB2D847815008470E4 /* ListOfExercises+CoreDataClass.swift */; };
		1194D9C02D847815008470E4 /* ListOfExercises+CoreDataProperties.swift in Sources */ = {isa = PBXBuildFile; fileRef = 1194D9BC2D847815008470E4 /* ListOfExercises+CoreDataProperties.swift */; };
		1194D9C22D8490FB008470E4 /* ContentView.swift in Sources */ = {isa = PBXBuildFile; fileRef = 1194D9C12D8490FB008470E4 /* ContentView.swift */; };
		1194D9C52D84AF80008470E4 /* AddExerciseView.swift in Sources */ = {isa = PBXBuildFile; fileRef = 1194D9C42D84AF80008470E4 /* AddExerciseView.swift */; };
		11BBEC2E2D84113800B4D2FF /* ExerciseEntity+CoreDataClass.swift in Sources */ = {isa = PBXBuildFile; fileRef = 11BBEC2C2D84113800B4D2FF /* ExerciseEntity+CoreDataClass.swift */; };
		11BBEC2F2D84113800B4D2FF /* ExerciseEntity+CoreDataProperties.swift in Sources */ = {isa = PBXBuildFile; fileRef = 11BBEC2D2D84113800B4D2FF /* ExerciseEntity+CoreDataProperties.swift */; };
		11BBEC392D842C8F00B4D2FF /* Exercises.xcdatamodeld in Sources */ = {isa = PBXBuildFile; fileRef = 11BBEC372D842C8F00B4D2FF /* Exercises.xcdatamodeld */; };
		11BBEC432D844CDA00B4D2FF /* Fitness_TrackerTests.swift in Sources */ = {isa = PBXBuildFile; fileRef = 11BBEC422D844CDA00B4D2FF /* Fitness_TrackerTests.swift */; };
		11CAC15E2D8461A7006A7319 /* HomeView.swift in Sources */ = {isa = PBXBuildFile; fileRef = 11CAC15D2D8461A7006A7319 /* HomeView.swift */; };
		11E590F22D65F0A20062B1FE /* Fitness_TrackerApp.swift in Sources */ = {isa = PBXBuildFile; fileRef = 11E590F12D65F0A20062B1FE /* Fitness_TrackerApp.swift */; };
		11E590F42D65F0A20062B1FE /* MainTabView.swift in Sources */ = {isa = PBXBuildFile; fileRef = 11E590F32D65F0A20062B1FE /* MainTabView.swift */; };
		11E590F62D65F0A40062B1FE /* Assets.xcassets in Resources */ = {isa = PBXBuildFile; fileRef = 11E590F52D65F0A40062B1FE /* Assets.xcassets */; };
		11E590F92D65F0A40062B1FE /* Preview Assets.xcassets in Resources */ = {isa = PBXBuildFile; fileRef = 11E590F82D65F0A40062B1FE /* Preview Assets.xcassets */; };
		11E591072D65F56F0062B1FE /* Persistence.swift in Sources */ = {isa = PBXBuildFile; fileRef = 11E591062D65F56F0062B1FE /* Persistence.swift */; };
		11E591092D65F6920062B1FE /* ExerciseViewModel.swift in Sources */ = {isa = PBXBuildFile; fileRef = 11E591082D65F6920062B1FE /* ExerciseViewModel.swift */; };
/* End PBXBuildFile section */

/* Begin PBXContainerItemProxy section */
		11BBEC442D844CDA00B4D2FF /* PBXContainerItemProxy */ = {
			isa = PBXContainerItemProxy;
			containerPortal = 11E590E62D65F0A20062B1FE /* Project object */;
			proxyType = 1;
			remoteGlobalIDString = 11E590ED2D65F0A20062B1FE;
			remoteInfo = "Fitness Tracker";
		};
/* End PBXContainerItemProxy section */

/* Begin PBXFileReference section */
		1194D9B92D847815008470E4 /* TrainingDayEntity+CoreDataClass.swift */ = {isa = PBXFileReference; lastKnownFileType = sourcecode.swift; path = "TrainingDayEntity+CoreDataClass.swift"; sourceTree = "<group>"; };
		1194D9BA2D847815008470E4 /* TrainingDayEntity+CoreDataProperties.swift */ = {isa = PBXFileReference; lastKnownFileType = sourcecode.swift; path = "TrainingDayEntity+CoreDataProperties.swift"; sourceTree = "<group>"; };
		1194D9BB2D847815008470E4 /* ListOfExercises+CoreDataClass.swift */ = {isa = PBXFileReference; lastKnownFileType = sourcecode.swift; path = "ListOfExercises+CoreDataClass.swift"; sourceTree = "<group>"; };
		1194D9BC2D847815008470E4 /* ListOfExercises+CoreDataProperties.swift */ = {isa = PBXFileReference; lastKnownFileType = sourcecode.swift; path = "ListOfExercises+CoreDataProperties.swift"; sourceTree = "<group>"; };
		1194D9C12D8490FB008470E4 /* ContentView.swift */ = {isa = PBXFileReference; lastKnownFileType = sourcecode.swift; path = ContentView.swift; sourceTree = "<group>"; };
		1194D9C42D84AF80008470E4 /* AddExerciseView.swift */ = {isa = PBXFileReference; lastKnownFileType = sourcecode.swift; path = AddExerciseView.swift; sourceTree = "<group>"; };
		11BBEC2C2D84113800B4D2FF /* ExerciseEntity+CoreDataClass.swift */ = {isa = PBXFileReference; lastKnownFileType = sourcecode.swift; path = "ExerciseEntity+CoreDataClass.swift"; sourceTree = "<group>"; };
		11BBEC2D2D84113800B4D2FF /* ExerciseEntity+CoreDataProperties.swift */ = {isa = PBXFileReference; lastKnownFileType = sourcecode.swift; path = "ExerciseEntity+CoreDataProperties.swift"; sourceTree = "<group>"; };
		11BBEC382D842C8F00B4D2FF /* Exercises.xcdatamodel */ = {isa = PBXFileReference; lastKnownFileType = wrapper.xcdatamodel; path = Exercises.xcdatamodel; sourceTree = "<group>"; };
		11BBEC402D844CDA00B4D2FF /* Fitness TrackerTests.xctest */ = {isa = PBXFileReference; explicitFileType = wrapper.cfbundle; includeInIndex = 0; path = "Fitness TrackerTests.xctest"; sourceTree = BUILT_PRODUCTS_DIR; };
		11BBEC422D844CDA00B4D2FF /* Fitness_TrackerTests.swift */ = {isa = PBXFileReference; lastKnownFileType = sourcecode.swift; path = Fitness_TrackerTests.swift; sourceTree = "<group>"; };
		11CAC15D2D8461A7006A7319 /* HomeView.swift */ = {isa = PBXFileReference; lastKnownFileType = sourcecode.swift; path = HomeView.swift; sourceTree = "<group>"; };
		11E590EE2D65F0A20062B1FE /* Fitness Tracker.app */ = {isa = PBXFileReference; explicitFileType = wrapper.application; includeInIndex = 0; path = "Fitness Tracker.app"; sourceTree = BUILT_PRODUCTS_DIR; };
		11E590F12D65F0A20062B1FE /* Fitness_TrackerApp.swift */ = {isa = PBXFileReference; lastKnownFileType = sourcecode.swift; path = Fitness_TrackerApp.swift; sourceTree = "<group>"; };
		11E590F32D65F0A20062B1FE /* MainTabView.swift */ = {isa = PBXFileReference; lastKnownFileType = sourcecode.swift; path = MainTabView.swift; sourceTree = "<group>"; };
		11E590F52D65F0A40062B1FE /* Assets.xcassets */ = {isa = PBXFileReference; lastKnownFileType = folder.assetcatalog; path = Assets.xcassets; sourceTree = "<group>"; };
		11E590F82D65F0A40062B1FE /* Preview Assets.xcassets */ = {isa = PBXFileReference; lastKnownFileType = folder.assetcatalog; path = "Preview Assets.xcassets"; sourceTree = "<group>"; };
		11E591062D65F56F0062B1FE /* Persistence.swift */ = {isa = PBXFileReference; lastKnownFileType = sourcecode.swift; path = Persistence.swift; sourceTree = "<group>"; };
		11E591082D65F6920062B1FE /* ExerciseViewModel.swift */ = {isa = PBXFileReference; lastKnownFileType = sourcecode.swift; path = ExerciseViewModel.swift; sourceTree = "<group>"; };
/* End PBXFileReference section */

/* Begin PBXFrameworksBuildPhase section */
		11BBEC3D2D844CDA00B4D2FF /* Frameworks */ = {
			isa = PBXFrameworksBuildPhase;
			buildActionMask = 2147483647;
			files = (
			);
			runOnlyForDeploymentPostprocessing = 0;
		};
		11E590EB2D65F0A20062B1FE /* Frameworks */ = {
			isa = PBXFrameworksBuildPhase;
			buildActionMask = 2147483647;
			files = (
			);
			runOnlyForDeploymentPostprocessing = 0;
		};
/* End PBXFrameworksBuildPhase section */

/* Begin PBXGroup section */
		1194D9C32D849235008470E4 /* Views */ = {
			isa = PBXGroup;
			children = (
				11E590F32D65F0A20062B1FE /* MainTabView.swift */,
				11CAC15D2D8461A7006A7319 /* HomeView.swift */,
				1194D9C42D84AF80008470E4 /* AddExerciseView.swift */,
				1194D9C12D8490FB008470E4 /* ContentView.swift */,
			);
			path = Views;
			sourceTree = "<group>";
		};
		11BBEC412D844CDA00B4D2FF /* Fitness TrackerTests */ = {
			isa = PBXGroup;
			children = (
				11BBEC422D844CDA00B4D2FF /* Fitness_TrackerTests.swift */,
			);
			path = "Fitness TrackerTests";
			sourceTree = "<group>";
		};
		11E590E52D65F0A20062B1FE = {
			isa = PBXGroup;
			children = (
				1194D9B92D847815008470E4 /* TrainingDayEntity+CoreDataClass.swift */,
				1194D9BA2D847815008470E4 /* TrainingDayEntity+CoreDataProperties.swift */,
				1194D9BB2D847815008470E4 /* ListOfExercises+CoreDataClass.swift */,
				1194D9BC2D847815008470E4 /* ListOfExercises+CoreDataProperties.swift */,
				11BBEC2C2D84113800B4D2FF /* ExerciseEntity+CoreDataClass.swift */,
				11BBEC2D2D84113800B4D2FF /* ExerciseEntity+CoreDataProperties.swift */,
				11E590F02D65F0A20062B1FE /* Fitness Tracker */,
				11BBEC412D844CDA00B4D2FF /* Fitness TrackerTests */,
				11E590EF2D65F0A20062B1FE /* Products */,
			);
			sourceTree = "<group>";
		};
		11E590EF2D65F0A20062B1FE /* Products */ = {
			isa = PBXGroup;
			children = (
				11E590EE2D65F0A20062B1FE /* Fitness Tracker.app */,
				11BBEC402D844CDA00B4D2FF /* Fitness TrackerTests.xctest */,
			);
			name = Products;
			sourceTree = "<group>";
		};
		11E590F02D65F0A20062B1FE /* Fitness Tracker */ = {
			isa = PBXGroup;
			children = (
				11E591062D65F56F0062B1FE /* Persistence.swift */,
				11BBEC372D842C8F00B4D2FF /* Exercises.xcdatamodeld */,
				11E590F12D65F0A20062B1FE /* Fitness_TrackerApp.swift */,
				1194D9C32D849235008470E4 /* Views */,
				11E591082D65F6920062B1FE /* ExerciseViewModel.swift */,
				11E590F52D65F0A40062B1FE /* Assets.xcassets */,
				11E590F72D65F0A40062B1FE /* Preview Content */,
			);
			path = "Fitness Tracker";
			sourceTree = "<group>";
		};
		11E590F72D65F0A40062B1FE /* Preview Content */ = {
			isa = PBXGroup;
			children = (
				11E590F82D65F0A40062B1FE /* Preview Assets.xcassets */,
			);
			path = "Preview Content";
			sourceTree = "<group>";
		};
/* End PBXGroup section */

/* Begin PBXNativeTarget section */
		11BBEC3F2D844CDA00B4D2FF /* Fitness TrackerTests */ = {
			isa = PBXNativeTarget;
			buildConfigurationList = 11BBEC462D844CDA00B4D2FF /* Build configuration list for PBXNativeTarget "Fitness TrackerTests" */;
			buildPhases = (
				11BBEC3C2D844CDA00B4D2FF /* Sources */,
				11BBEC3D2D844CDA00B4D2FF /* Frameworks */,
				11BBEC3E2D844CDA00B4D2FF /* Resources */,
			);
			buildRules = (
			);
			dependencies = (
				11BBEC452D844CDA00B4D2FF /* PBXTargetDependency */,
			);
			name = "Fitness TrackerTests";
			productName = "Fitness TrackerTests";
			productReference = 11BBEC402D844CDA00B4D2FF /* Fitness TrackerTests.xctest */;
			productType = "com.apple.product-type.bundle.unit-test";
		};
		11E590ED2D65F0A20062B1FE /* Fitness Tracker */ = {
			isa = PBXNativeTarget;
			buildConfigurationList = 11E590FC2D65F0A40062B1FE /* Build configuration list for PBXNativeTarget "Fitness Tracker" */;
			buildPhases = (
				11E590EA2D65F0A20062B1FE /* Sources */,
				11E590EB2D65F0A20062B1FE /* Frameworks */,
				11E590EC2D65F0A20062B1FE /* Resources */,
			);
			buildRules = (
			);
			dependencies = (
			);
			name = "Fitness Tracker";
			productName = "Fitness Tracker";
			productReference = 11E590EE2D65F0A20062B1FE /* Fitness Tracker.app */;
			productType = "com.apple.product-type.application";
		};
/* End PBXNativeTarget section */

/* Begin PBXProject section */
		11E590E62D65F0A20062B1FE /* Project object */ = {
			isa = PBXProject;
			attributes = {
				BuildIndependentTargetsInParallel = 1;
				LastSwiftUpdateCheck = 1540;
				LastUpgradeCheck = 1540;
				TargetAttributes = {
					11BBEC3F2D844CDA00B4D2FF = {
						CreatedOnToolsVersion = 15.4;
						TestTargetID = 11E590ED2D65F0A20062B1FE;
					};
					11E590ED2D65F0A20062B1FE = {
						CreatedOnToolsVersion = 15.4;
					};
				};
			};
			buildConfigurationList = 11E590E92D65F0A20062B1FE /* Build configuration list for PBXProject "Fitness Tracker" */;
			compatibilityVersion = "Xcode 14.0";
			developmentRegion = en;
			hasScannedForEncodings = 0;
			knownRegions = (
				en,
				Base,
			);
			mainGroup = 11E590E52D65F0A20062B1FE;
			productRefGroup = 11E590EF2D65F0A20062B1FE /* Products */;
			projectDirPath = "";
			projectRoot = "";
			targets = (
				11E590ED2D65F0A20062B1FE /* Fitness Tracker */,
				11BBEC3F2D844CDA00B4D2FF /* Fitness TrackerTests */,
			);
		};
/* End PBXProject section */

/* Begin PBXResourcesBuildPhase section */
		11BBEC3E2D844CDA00B4D2FF /* Resources */ = {
			isa = PBXResourcesBuildPhase;
			buildActionMask = 2147483647;
			files = (
			);
			runOnlyForDeploymentPostprocessing = 0;
		};
		11E590EC2D65F0A20062B1FE /* Resources */ = {
			isa = PBXResourcesBuildPhase;
			buildActionMask = 2147483647;
			files = (
				11E590F92D65F0A40062B1FE /* Preview Assets.xcassets in Resources */,
				11E590F62D65F0A40062B1FE /* Assets.xcassets in Resources */,
			);
			runOnlyForDeploymentPostprocessing = 0;
		};
/* End PBXResourcesBuildPhase section */

/* Begin PBXSourcesBuildPhase section */
		11BBEC3C2D844CDA00B4D2FF /* Sources */ = {
			isa = PBXSourcesBuildPhase;
			buildActionMask = 2147483647;
			files = (
				11BBEC432D844CDA00B4D2FF /* Fitness_TrackerTests.swift in Sources */,
			);
			runOnlyForDeploymentPostprocessing = 0;
		};
		11E590EA2D65F0A20062B1FE /* Sources */ = {
			isa = PBXSourcesBuildPhase;
			buildActionMask = 2147483647;
			files = (
				1194D9BD2D847815008470E4 /* TrainingDayEntity+CoreDataClass.swift in Sources */,
				1194D9BE2D847815008470E4 /* TrainingDayEntity+CoreDataProperties.swift in Sources */,
				1194D9BF2D847815008470E4 /* ListOfExercises+CoreDataClass.swift in Sources */,
				1194D9C02D847815008470E4 /* ListOfExercises+CoreDataProperties.swift in Sources */,
				11E591092D65F6920062B1FE /* ExerciseViewModel.swift in Sources */,
				11BBEC2E2D84113800B4D2FF /* ExerciseEntity+CoreDataClass.swift in Sources */,
				11BBEC2F2D84113800B4D2FF /* ExerciseEntity+CoreDataProperties.swift in Sources */,
				11E591072D65F56F0062B1FE /* Persistence.swift in Sources */,
				11BBEC392D842C8F00B4D2FF /* Exercises.xcdatamodeld in Sources */,
				11CAC15E2D8461A7006A7319 /* HomeView.swift in Sources */,
				1194D9C52D84AF80008470E4 /* AddExerciseView.swift in Sources */,
				1194D9C22D8490FB008470E4 /* ContentView.swift in Sources */,
				11E590F42D65F0A20062B1FE /* MainTabView.swift in Sources */,
				11E590F22D65F0A20062B1FE /* Fitness_TrackerApp.swift in Sources */,
			);
			runOnlyForDeploymentPostprocessing = 0;
		};
/* End PBXSourcesBuildPhase section */

/* Begin PBXTargetDependency section */
		11BBEC452D844CDA00B4D2FF /* PBXTargetDependency */ = {
			isa = PBXTargetDependency;
			target = 11E590ED2D65F0A20062B1FE /* Fitness Tracker */;
			targetProxy = 11BBEC442D844CDA00B4D2FF /* PBXContainerItemProxy */;
		};
/* End PBXTargetDependency section */

/* Begin XCBuildConfiguration section */
		11BBEC472D844CDA00B4D2FF /* Debug */ = {
			isa = XCBuildConfiguration;
			buildSettings = {
				BUNDLE_LOADER = "$(TEST_HOST)";
				CODE_SIGN_STYLE = Automatic;
				CURRENT_PROJECT_VERSION = 1;
				DEVELOPMENT_TEAM = 45KC6823ML;
				GENERATE_INFOPLIST_FILE = YES;
				IPHONEOS_DEPLOYMENT_TARGET = 17.5;
				MARKETING_VERSION = 1.0;
				PRODUCT_BUNDLE_IDENTIFIER = "com.kaska.Fitness-TrackerTests";
				PRODUCT_NAME = "$(TARGET_NAME)";
				SWIFT_EMIT_LOC_STRINGS = NO;
				SWIFT_VERSION = 5.0;
				TARGETED_DEVICE_FAMILY = "1,2";
				TEST_HOST = "$(BUILT_PRODUCTS_DIR)/Fitness Tracker.app/$(BUNDLE_EXECUTABLE_FOLDER_PATH)/Fitness Tracker";
			};
			name = Debug;
		};
		11BBEC482D844CDA00B4D2FF /* Release */ = {
			isa = XCBuildConfiguration;
			buildSettings = {
				BUNDLE_LOADER = "$(TEST_HOST)";
				CODE_SIGN_STYLE = Automatic;
				CURRENT_PROJECT_VERSION = 1;
				DEVELOPMENT_TEAM = 45KC6823ML;
				GENERATE_INFOPLIST_FILE = YES;
				IPHONEOS_DEPLOYMENT_TARGET = 17.5;
				MARKETING_VERSION = 1.0;
				PRODUCT_BUNDLE_IDENTIFIER = "com.kaska.Fitness-TrackerTests";
				PRODUCT_NAME = "$(TARGET_NAME)";
				SWIFT_EMIT_LOC_STRINGS = NO;
				SWIFT_VERSION = 5.0;
				TARGETED_DEVICE_FAMILY = "1,2";
				TEST_HOST = "$(BUILT_PRODUCTS_DIR)/Fitness Tracker.app/$(BUNDLE_EXECUTABLE_FOLDER_PATH)/Fitness Tracker";
			};
			name = Release;
		};
		11E590FA2D65F0A40062B1FE /* Debug */ = {
			isa = XCBuildConfiguration;
			buildSettings = {
				ALWAYS_SEARCH_USER_PATHS = NO;
				ASSETCATALOG_COMPILER_GENERATE_SWIFT_ASSET_SYMBOL_EXTENSIONS = YES;
				CLANG_ANALYZER_NONNULL = YES;
				CLANG_ANALYZER_NUMBER_OBJECT_CONVERSION = YES_AGGRESSIVE;
				CLANG_CXX_LANGUAGE_STANDARD = "gnu++20";
				CLANG_ENABLE_MODULES = YES;
				CLANG_ENABLE_OBJC_ARC = YES;
				CLANG_ENABLE_OBJC_WEAK = YES;
				CLANG_WARN_BLOCK_CAPTURE_AUTORELEASING = YES;
				CLANG_WARN_BOOL_CONVERSION = YES;
				CLANG_WARN_COMMA = YES;
				CLANG_WARN_CONSTANT_CONVERSION = YES;
				CLANG_WARN_DEPRECATED_OBJC_IMPLEMENTATIONS = YES;
				CLANG_WARN_DIRECT_OBJC_ISA_USAGE = YES_ERROR;
				CLANG_WARN_DOCUMENTATION_COMMENTS = YES;
				CLANG_WARN_EMPTY_BODY = YES;
				CLANG_WARN_ENUM_CONVERSION = YES;
				CLANG_WARN_INFINITE_RECURSION = YES;
				CLANG_WARN_INT_CONVERSION = YES;
				CLANG_WARN_NON_LITERAL_NULL_CONVERSION = YES;
				CLANG_WARN_OBJC_IMPLICIT_RETAIN_SELF = YES;
				CLANG_WARN_OBJC_LITERAL_CONVERSION = YES;
				CLANG_WARN_OBJC_ROOT_CLASS = YES_ERROR;
				CLANG_WARN_QUOTED_INCLUDE_IN_FRAMEWORK_HEADER = YES;
				CLANG_WARN_RANGE_LOOP_ANALYSIS = YES;
				CLANG_WARN_STRICT_PROTOTYPES = YES;
				CLANG_WARN_SUSPICIOUS_MOVE = YES;
				CLANG_WARN_UNGUARDED_AVAILABILITY = YES_AGGRESSIVE;
				CLANG_WARN_UNREACHABLE_CODE = YES;
				CLANG_WARN__DUPLICATE_METHOD_MATCH = YES;
				COPY_PHASE_STRIP = NO;
				DEBUG_INFORMATION_FORMAT = dwarf;
				ENABLE_STRICT_OBJC_MSGSEND = YES;
				ENABLE_TESTABILITY = YES;
				ENABLE_USER_SCRIPT_SANDBOXING = YES;
				GCC_C_LANGUAGE_STANDARD = gnu17;
				GCC_DYNAMIC_NO_PIC = NO;
				GCC_NO_COMMON_BLOCKS = YES;
				GCC_OPTIMIZATION_LEVEL = 0;
				GCC_PREPROCESSOR_DEFINITIONS = (
					"DEBUG=1",
					"$(inherited)",
				);
				GCC_WARN_64_TO_32_BIT_CONVERSION = YES;
				GCC_WARN_ABOUT_RETURN_TYPE = YES_ERROR;
				GCC_WARN_UNDECLARED_SELECTOR = YES;
				GCC_WARN_UNINITIALIZED_AUTOS = YES_AGGRESSIVE;
				GCC_WARN_UNUSED_FUNCTION = YES;
				GCC_WARN_UNUSED_VARIABLE = YES;
				IPHONEOS_DEPLOYMENT_TARGET = 17.2;
				LOCALIZATION_PREFERS_STRING_CATALOGS = YES;
				MTL_ENABLE_DEBUG_INFO = INCLUDE_SOURCE;
				MTL_FAST_MATH = YES;
				ONLY_ACTIVE_ARCH = YES;
				SDKROOT = iphoneos;
				SWIFT_ACTIVE_COMPILATION_CONDITIONS = "DEBUG $(inherited)";
				SWIFT_OPTIMIZATION_LEVEL = "-Onone";
			};
			name = Debug;
		};
		11E590FB2D65F0A40062B1FE /* Release */ = {
			isa = XCBuildConfiguration;
			buildSettings = {
				ALWAYS_SEARCH_USER_PATHS = NO;
				ASSETCATALOG_COMPILER_GENERATE_SWIFT_ASSET_SYMBOL_EXTENSIONS = YES;
				CLANG_ANALYZER_NONNULL = YES;
				CLANG_ANALYZER_NUMBER_OBJECT_CONVERSION = YES_AGGRESSIVE;
				CLANG_CXX_LANGUAGE_STANDARD = "gnu++20";
				CLANG_ENABLE_MODULES = YES;
				CLANG_ENABLE_OBJC_ARC = YES;
				CLANG_ENABLE_OBJC_WEAK = YES;
				CLANG_WARN_BLOCK_CAPTURE_AUTORELEASING = YES;
				CLANG_WARN_BOOL_CONVERSION = YES;
				CLANG_WARN_COMMA = YES;
				CLANG_WARN_CONSTANT_CONVERSION = YES;
				CLANG_WARN_DEPRECATED_OBJC_IMPLEMENTATIONS = YES;
				CLANG_WARN_DIRECT_OBJC_ISA_USAGE = YES_ERROR;
				CLANG_WARN_DOCUMENTATION_COMMENTS = YES;
				CLANG_WARN_EMPTY_BODY = YES;
				CLANG_WARN_ENUM_CONVERSION = YES;
				CLANG_WARN_INFINITE_RECURSION = YES;
				CLANG_WARN_INT_CONVERSION = YES;
				CLANG_WARN_NON_LITERAL_NULL_CONVERSION = YES;
				CLANG_WARN_OBJC_IMPLICIT_RETAIN_SELF = YES;
				CLANG_WARN_OBJC_LITERAL_CONVERSION = YES;
				CLANG_WARN_OBJC_ROOT_CLASS = YES_ERROR;
				CLANG_WARN_QUOTED_INCLUDE_IN_FRAMEWORK_HEADER = YES;
				CLANG_WARN_RANGE_LOOP_ANALYSIS = YES;
				CLANG_WARN_STRICT_PROTOTYPES = YES;
				CLANG_WARN_SUSPICIOUS_MOVE = YES;
				CLANG_WARN_UNGUARDED_AVAILABILITY = YES_AGGRESSIVE;
				CLANG_WARN_UNREACHABLE_CODE = YES;
				CLANG_WARN__DUPLICATE_METHOD_MATCH = YES;
				COPY_PHASE_STRIP = NO;
				DEBUG_INFORMATION_FORMAT = "dwarf-with-dsym";
				ENABLE_NS_ASSERTIONS = NO;
				ENABLE_STRICT_OBJC_MSGSEND = YES;
				ENABLE_USER_SCRIPT_SANDBOXING = YES;
				GCC_C_LANGUAGE_STANDARD = gnu17;
				GCC_NO_COMMON_BLOCKS = YES;
				GCC_WARN_64_TO_32_BIT_CONVERSION = YES;
				GCC_WARN_ABOUT_RETURN_TYPE = YES_ERROR;
				GCC_WARN_UNDECLARED_SELECTOR = YES;
				GCC_WARN_UNINITIALIZED_AUTOS = YES_AGGRESSIVE;
				GCC_WARN_UNUSED_FUNCTION = YES;
				GCC_WARN_UNUSED_VARIABLE = YES;
				IPHONEOS_DEPLOYMENT_TARGET = 17.2;
				LOCALIZATION_PREFERS_STRING_CATALOGS = YES;
				MTL_ENABLE_DEBUG_INFO = NO;
				MTL_FAST_MATH = YES;
				SDKROOT = iphoneos;
				SWIFT_COMPILATION_MODE = wholemodule;
				VALIDATE_PRODUCT = YES;
			};
			name = Release;
		};
		11E590FD2D65F0A40062B1FE /* Debug */ = {
			isa = XCBuildConfiguration;
			buildSettings = {
				ASSETCATALOG_COMPILER_APPICON_NAME = AppIcon;
				ASSETCATALOG_COMPILER_GLOBAL_ACCENT_COLOR_NAME = AccentColor;
				CODE_SIGN_STYLE = Automatic;
				CURRENT_PROJECT_VERSION = 1;
				DEVELOPMENT_ASSET_PATHS = "\"Fitness Tracker/Preview Content\"";
				DEVELOPMENT_TEAM = 45KC6823ML;
				ENABLE_PREVIEWS = YES;
				GENERATE_INFOPLIST_FILE = YES;
				INFOPLIST_KEY_UIApplicationSceneManifest_Generation = YES;
				INFOPLIST_KEY_UIApplicationSupportsIndirectInputEvents = YES;
				INFOPLIST_KEY_UILaunchScreen_Generation = YES;
				INFOPLIST_KEY_UISupportedInterfaceOrientations_iPad = "UIInterfaceOrientationPortrait UIInterfaceOrientationPortraitUpsideDown UIInterfaceOrientationLandscapeLeft UIInterfaceOrientationLandscapeRight";
				INFOPLIST_KEY_UISupportedInterfaceOrientations_iPhone = "UIInterfaceOrientationPortrait UIInterfaceOrientationLandscapeLeft UIInterfaceOrientationLandscapeRight";
				LD_RUNPATH_SEARCH_PATHS = (
					"$(inherited)",
					"@executable_path/Frameworks",
				);
				MARKETING_VERSION = 1.0;
				PRODUCT_BUNDLE_IDENTIFIER = "com.kaska.Fitness-Tracker";
				PRODUCT_NAME = "$(TARGET_NAME)";
				SWIFT_EMIT_LOC_STRINGS = YES;
				SWIFT_VERSION = 5.0;
				TARGETED_DEVICE_FAMILY = "1,2";
			};
			name = Debug;
		};
		11E590FE2D65F0A40062B1FE /* Release */ = {
			isa = XCBuildConfiguration;
			buildSettings = {
				ASSETCATALOG_COMPILER_APPICON_NAME = AppIcon;
				ASSETCATALOG_COMPILER_GLOBAL_ACCENT_COLOR_NAME = AccentColor;
				CODE_SIGN_STYLE = Automatic;
				CURRENT_PROJECT_VERSION = 1;
				DEVELOPMENT_ASSET_PATHS = "\"Fitness Tracker/Preview Content\"";
				DEVELOPMENT_TEAM = 45KC6823ML;
				ENABLE_PREVIEWS = YES;
				GENERATE_INFOPLIST_FILE = YES;
				INFOPLIST_KEY_UIApplicationSceneManifest_Generation = YES;
				INFOPLIST_KEY_UIApplicationSupportsIndirectInputEvents = YES;
				INFOPLIST_KEY_UILaunchScreen_Generation = YES;
				INFOPLIST_KEY_UISupportedInterfaceOrientations_iPad = "UIInterfaceOrientationPortrait UIInterfaceOrientationPortraitUpsideDown UIInterfaceOrientationLandscapeLeft UIInterfaceOrientationLandscapeRight";
				INFOPLIST_KEY_UISupportedInterfaceOrientations_iPhone = "UIInterfaceOrientationPortrait UIInterfaceOrientationLandscapeLeft UIInterfaceOrientationLandscapeRight";
				LD_RUNPATH_SEARCH_PATHS = (
					"$(inherited)",
					"@executable_path/Frameworks",
				);
				MARKETING_VERSION = 1.0;
				PRODUCT_BUNDLE_IDENTIFIER = "com.kaska.Fitness-Tracker";
				PRODUCT_NAME = "$(TARGET_NAME)";
				SWIFT_EMIT_LOC_STRINGS = YES;
				SWIFT_VERSION = 5.0;
				TARGETED_DEVICE_FAMILY = "1,2";
			};
			name = Release;
		};
/* End XCBuildConfiguration section */

/* Begin XCConfigurationList section */
		11BBEC462D844CDA00B4D2FF /* Build configuration list for PBXNativeTarget "Fitness TrackerTests" */ = {
			isa = XCConfigurationList;
			buildConfigurations = (
				11BBEC472D844CDA00B4D2FF /* Debug */,
				11BBEC482D844CDA00B4D2FF /* Release */,
			);
			defaultConfigurationIsVisible = 0;
			defaultConfigurationName = Release;
		};
		11E590E92D65F0A20062B1FE /* Build configuration list for PBXProject "Fitness Tracker" */ = {
			isa = XCConfigurationList;
			buildConfigurations = (
				11E590FA2D65F0A40062B1FE /* Debug */,
				11E590FB2D65F0A40062B1FE /* Release */,
			);
			defaultConfigurationIsVisible = 0;
			defaultConfigurationName = Release;
		};
		11E590FC2D65F0A40062B1FE /* Build configuration list for PBXNativeTarget "Fitness Tracker" */ = {
			isa = XCConfigurationList;
			buildConfigurations = (
				11E590FD2D65F0A40062B1FE /* Debug */,
				11E590FE2D65F0A40062B1FE /* Release */,
			);
			defaultConfigurationIsVisible = 0;
			defaultConfigurationName = Release;
		};
/* End XCConfigurationList section */

/* Begin XCVersionGroup section */
		11BBEC372D842C8F00B4D2FF /* Exercises.xcdatamodeld */ = {
			isa = XCVersionGroup;
			children = (
				11BBEC382D842C8F00B4D2FF /* Exercises.xcdatamodel */,
			);
			currentVersion = 11BBEC382D842C8F00B4D2FF /* Exercises.xcdatamodel */;
			path = Exercises.xcdatamodeld;
			sourceTree = "<group>";
			versionGroupType = wrapper.xcdatamodel;
		};
/* End XCVersionGroup section */
	};
	rootObject = 11E590E62D65F0A20062B1FE /* Project object */;
}
